// !$*UTF8*$!
{
	archiveVersion = 1;
	classes = {
	};
	objectVersion = 50;
	objects = {

/* Begin PBXBuildFile section */
		BC02AB23215F725E00893913 /* FirstViewController.m in Sources */ = {isa = PBXBuildFile; fileRef = BC02AB22215F725E00893913 /* FirstViewController.m */; };
		BC02AB27215F7FBF00893913 /* select_square_right@3x.png in Resources */ = {isa = PBXBuildFile; fileRef = BC02AB24215F7FBE00893913 /* select_square_right@3x.png */; };
		BC02AB28215F7FBF00893913 /* select_square_right@2x.png in Resources */ = {isa = PBXBuildFile; fileRef = BC02AB25215F7FBE00893913 /* select_square_right@2x.png */; };
		BC02AB29215F7FBF00893913 /* select_square_right.png in Resources */ = {isa = PBXBuildFile; fileRef = BC02AB26215F7FBE00893913 /* select_square_right.png */; };
		BC5F05102148E5920037735B /* YYFilterTool.m in Sources */ = {isa = PBXBuildFile; fileRef = BC5F050F2148E5920037735B /* YYFilterTool.m */; };
		BCC380AF214252650069E76E /* AppDelegate.m in Sources */ = {isa = PBXBuildFile; fileRef = BCC380AE214252650069E76E /* AppDelegate.m */; };
		BCC380B2214252650069E76E /* FilterViewController.m in Sources */ = {isa = PBXBuildFile; fileRef = BCC380B1214252650069E76E /* FilterViewController.m */; };
		BCC380B5214252650069E76E /* Main.storyboard in Resources */ = {isa = PBXBuildFile; fileRef = BCC380B3214252650069E76E /* Main.storyboard */; };
		BCC380B7214252660069E76E /* Assets.xcassets in Resources */ = {isa = PBXBuildFile; fileRef = BCC380B6214252660069E76E /* Assets.xcassets */; };
		BCC380BA214252660069E76E /* LaunchScreen.storyboard in Resources */ = {isa = PBXBuildFile; fileRef = BCC380B8214252660069E76E /* LaunchScreen.storyboard */; };
		BCC380BD214252660069E76E /* main.m in Sources */ = {isa = PBXBuildFile; fileRef = BCC380BC214252660069E76E /* main.m */; };
		BCC380D2214253020069E76E /* TopConditionCollectionView.m in Sources */ = {isa = PBXBuildFile; fileRef = BCC380C7214253020069E76E /* TopConditionCollectionView.m */; };
		BCC380D4214253020069E76E /* FilterSelectIndexModel.m in Sources */ = {isa = PBXBuildFile; fileRef = BCC380C9214253020069E76E /* FilterSelectIndexModel.m */; };
		BCC380D5214253020069E76E /* TopConditionCell.m in Sources */ = {isa = PBXBuildFile; fileRef = BCC380CC214253020069E76E /* TopConditionCell.m */; };
		BCC380F1214253970069E76E /* NSLayoutConstraint+MASDebugAdditions.m in Sources */ = {isa = PBXBuildFile; fileRef = BCC380D9214253960069E76E /* NSLayoutConstraint+MASDebugAdditions.m */; };
		BCC380F2214253970069E76E /* ViewController+MASAdditions.m in Sources */ = {isa = PBXBuildFile; fileRef = BCC380E2214253960069E76E /* ViewController+MASAdditions.m */; };
		BCC380F3214253970069E76E /* MASCompositeConstraint.m in Sources */ = {isa = PBXBuildFile; fileRef = BCC380E6214253960069E76E /* MASCompositeConstraint.m */; };
		BCC380F4214253970069E76E /* MASConstraintMaker.m in Sources */ = {isa = PBXBuildFile; fileRef = BCC380E7214253960069E76E /* MASConstraintMaker.m */; };
		BCC380F5214253970069E76E /* MASLayoutConstraint.m in Sources */ = {isa = PBXBuildFile; fileRef = BCC380E8214253960069E76E /* MASLayoutConstraint.m */; };
		BCC380F6214253970069E76E /* NSArray+MASAdditions.m in Sources */ = {isa = PBXBuildFile; fileRef = BCC380E9214253960069E76E /* NSArray+MASAdditions.m */; };
		BCC380F7214253970069E76E /* View+MASAdditions.m in Sources */ = {isa = PBXBuildFile; fileRef = BCC380EA214253960069E76E /* View+MASAdditions.m */; };
		BCC380F8214253970069E76E /* MASConstraint.m in Sources */ = {isa = PBXBuildFile; fileRef = BCC380ED214253960069E76E /* MASConstraint.m */; };
		BCC380F9214253970069E76E /* MASViewConstraint.m in Sources */ = {isa = PBXBuildFile; fileRef = BCC380EF214253960069E76E /* MASViewConstraint.m */; };
		BCC380FA214253970069E76E /* MASViewAttribute.m in Sources */ = {isa = PBXBuildFile; fileRef = BCC380F0214253960069E76E /* MASViewAttribute.m */; };
		BCC380FD214256AA0069E76E /* ExtensionButton.m in Sources */ = {isa = PBXBuildFile; fileRef = BCC380FC214256AA0069E76E /* ExtensionButton.m */; };
		BCC381082142655E0069E76E /* select_square_bright@2x.png in Resources */ = {isa = PBXBuildFile; fileRef = BCC380FF2142655E0069E76E /* select_square_bright@2x.png */; };
		BCC381092142655E0069E76E /* select_square_bright@3x.png in Resources */ = {isa = PBXBuildFile; fileRef = BCC381002142655E0069E76E /* select_square_bright@3x.png */; };
		BCC3810A2142655E0069E76E /* small_remove.png in Resources */ = {isa = PBXBuildFile; fileRef = BCC381012142655E0069E76E /* small_remove.png */; };
		BCC3810B2142655E0069E76E /* select_square_grey.png in Resources */ = {isa = PBXBuildFile; fileRef = BCC381022142655E0069E76E /* select_square_grey.png */; };
		BCC3810C2142655E0069E76E /* small_remove@3x.png in Resources */ = {isa = PBXBuildFile; fileRef = BCC381032142655E0069E76E /* small_remove@3x.png */; };
		BCC3810D2142655E0069E76E /* select_square_grey@3x.png in Resources */ = {isa = PBXBuildFile; fileRef = BCC381042142655E0069E76E /* select_square_grey@3x.png */; };
		BCC3810E2142655E0069E76E /* select_square_grey@2x.png in Resources */ = {isa = PBXBuildFile; fileRef = BCC381052142655E0069E76E /* select_square_grey@2x.png */; };
		BCC3810F2142655E0069E76E /* select_square_bright.png in Resources */ = {isa = PBXBuildFile; fileRef = BCC381062142655E0069E76E /* select_square_bright.png */; };
		BCC381102142655E0069E76E /* small_remove@2x.png in Resources */ = {isa = PBXBuildFile; fileRef = BCC381072142655E0069E76E /* small_remove@2x.png */; };
		BCC3811321426D630069E76E /* YYBaseFilter.m in Sources */ = {isa = PBXBuildFile; fileRef = BCC3811221426D630069E76E /* YYBaseFilter.m */; };
		BCEC05DB214B89B500E68E00 /* FirstAndSecondTableView.m in Sources */ = {isa = PBXBuildFile; fileRef = BCEC05DA214B89B500E68E00 /* FirstAndSecondTableView.m */; };
		BCEC05DE214B89C800E68E00 /* ThirdTableView.m in Sources */ = {isa = PBXBuildFile; fileRef = BCEC05DD214B89C800E68E00 /* ThirdTableView.m */; };
		BCEC05E1214B926B00E68E00 /* FirstAndSecondConditionModel.m in Sources */ = {isa = PBXBuildFile; fileRef = BCEC05E0214B926B00E68E00 /* FirstAndSecondConditionModel.m */; };
		BCEC05E4214B9F8C00E68E00 /* ThirdConditionModel.m in Sources */ = {isa = PBXBuildFile; fileRef = BCEC05E3214B9F8C00E68E00 /* ThirdConditionModel.m */; };
/* End PBXBuildFile section */

/* Begin PBXFileReference section */
		BC02AB21215F725E00893913 /* FirstViewController.h */ = {isa = PBXFileReference; lastKnownFileType = sourcecode.c.h; path = FirstViewController.h; sourceTree = "<group>"; };
		BC02AB22215F725E00893913 /* FirstViewController.m */ = {isa = PBXFileReference; lastKnownFileType = sourcecode.c.objc; path = FirstViewController.m; sourceTree = "<group>"; };
		BC02AB24215F7FBE00893913 /* select_square_right@3x.png */ = {isa = PBXFileReference; lastKnownFileType = image.png; path = "select_square_right@3x.png"; sourceTree = "<group>"; };
		BC02AB25215F7FBE00893913 /* select_square_right@2x.png */ = {isa = PBXFileReference; lastKnownFileType = image.png; path = "select_square_right@2x.png"; sourceTree = "<group>"; };
		BC02AB26215F7FBE00893913 /* select_square_right.png */ = {isa = PBXFileReference; lastKnownFileType = image.png; path = select_square_right.png; sourceTree = "<group>"; };
		BC5F050E2148E5910037735B /* YYFilterTool.h */ = {isa = PBXFileReference; fileEncoding = 4; lastKnownFileType = sourcecode.c.h; path = YYFilterTool.h; sourceTree = "<group>"; };
		BC5F050F2148E5920037735B /* YYFilterTool.m */ = {isa = PBXFileReference; fileEncoding = 4; lastKnownFileType = sourcecode.c.objc; path = YYFilterTool.m; sourceTree = "<group>"; };
		BCC380AA214252650069E76E /* YYFilterTool.app */ = {isa = PBXFileReference; explicitFileType = wrapper.application; includeInIndex = 0; path = YYFilterTool.app; sourceTree = BUILT_PRODUCTS_DIR; };
		BCC380AD214252650069E76E /* AppDelegate.h */ = {isa = PBXFileReference; lastKnownFileType = sourcecode.c.h; path = AppDelegate.h; sourceTree = "<group>"; };
		BCC380AE214252650069E76E /* AppDelegate.m */ = {isa = PBXFileReference; lastKnownFileType = sourcecode.c.objc; path = AppDelegate.m; sourceTree = "<group>"; };
		BCC380B0214252650069E76E /* FilterViewController.h */ = {isa = PBXFileReference; lastKnownFileType = sourcecode.c.h; path = FilterViewController.h; sourceTree = "<group>"; };
		BCC380B1214252650069E76E /* FilterViewController.m */ = {isa = PBXFileReference; lastKnownFileType = sourcecode.c.objc; path = FilterViewController.m; sourceTree = "<group>"; };
		BCC380B4214252650069E76E /* Base */ = {isa = PBXFileReference; lastKnownFileType = file.storyboard; name = Base; path = Base.lproj/Main.storyboard; sourceTree = "<group>"; };
		BCC380B6214252660069E76E /* Assets.xcassets */ = {isa = PBXFileReference; lastKnownFileType = folder.assetcatalog; path = Assets.xcassets; sourceTree = "<group>"; };
		BCC380B9214252660069E76E /* Base */ = {isa = PBXFileReference; lastKnownFileType = file.storyboard; name = Base; path = Base.lproj/LaunchScreen.storyboard; sourceTree = "<group>"; };
		BCC380BB214252660069E76E /* Info.plist */ = {isa = PBXFileReference; lastKnownFileType = text.plist.xml; path = Info.plist; sourceTree = "<group>"; };
		BCC380BC214252660069E76E /* main.m */ = {isa = PBXFileReference; lastKnownFileType = sourcecode.c.objc; path = main.m; sourceTree = "<group>"; };
		BCC380C4214253020069E76E /* TopConditionCell.h */ = {isa = PBXFileReference; fileEncoding = 4; lastKnownFileType = sourcecode.c.h; path = TopConditionCell.h; sourceTree = "<group>"; };
		BCC380C7214253020069E76E /* TopConditionCollectionView.m */ = {isa = PBXFileReference; fileEncoding = 4; lastKnownFileType = sourcecode.c.objc; path = TopConditionCollectionView.m; sourceTree = "<group>"; };
		BCC380C9214253020069E76E /* FilterSelectIndexModel.m */ = {isa = PBXFileReference; fileEncoding = 4; lastKnownFileType = sourcecode.c.objc; path = FilterSelectIndexModel.m; sourceTree = "<group>"; };
		BCC380CA214253020069E76E /* YYFilterToolMacro.h */ = {isa = PBXFileReference; fileEncoding = 4; lastKnownFileType = sourcecode.c.h; path = YYFilterToolMacro.h; sourceTree = "<group>"; };
		BCC380CC214253020069E76E /* TopConditionCell.m */ = {isa = PBXFileReference; fileEncoding = 4; lastKnownFileType = sourcecode.c.objc; path = TopConditionCell.m; sourceTree = "<group>"; };
		BCC380CE214253020069E76E /* TopConditionCollectionView.h */ = {isa = PBXFileReference; fileEncoding = 4; lastKnownFileType = sourcecode.c.h; path = TopConditionCollectionView.h; sourceTree = "<group>"; };
		BCC380CF214253020069E76E /* FilterSelectIndexModel.h */ = {isa = PBXFileReference; fileEncoding = 4; lastKnownFileType = sourcecode.c.h; path = FilterSelectIndexModel.h; sourceTree = "<group>"; };
		BCC380D8214253960069E76E /* MASCompositeConstraint.h */ = {isa = PBXFileReference; fileEncoding = 4; lastKnownFileType = sourcecode.c.h; path = MASCompositeConstraint.h; sourceTree = "<group>"; };
		BCC380D9214253960069E76E /* NSLayoutConstraint+MASDebugAdditions.m */ = {isa = PBXFileReference; fileEncoding = 4; lastKnownFileType = sourcecode.c.objc; path = "NSLayoutConstraint+MASDebugAdditions.m"; sourceTree = "<group>"; };
		BCC380DA214253960069E76E /* MASConstraint+Private.h */ = {isa = PBXFileReference; fileEncoding = 4; lastKnownFileType = sourcecode.c.h; path = "MASConstraint+Private.h"; sourceTree = "<group>"; };
		BCC380DB214253960069E76E /* MASLayoutConstraint.h */ = {isa = PBXFileReference; fileEncoding = 4; lastKnownFileType = sourcecode.c.h; path = MASLayoutConstraint.h; sourceTree = "<group>"; };
		BCC380DC214253960069E76E /* NSArray+MASShorthandAdditions.h */ = {isa = PBXFileReference; fileEncoding = 4; lastKnownFileType = sourcecode.c.h; path = "NSArray+MASShorthandAdditions.h"; sourceTree = "<group>"; };
		BCC380DD214253960069E76E /* MASConstraintMaker.h */ = {isa = PBXFileReference; fileEncoding = 4; lastKnownFileType = sourcecode.c.h; path = MASConstraintMaker.h; sourceTree = "<group>"; };
		BCC380DE214253960069E76E /* View+MASAdditions.h */ = {isa = PBXFileReference; fileEncoding = 4; lastKnownFileType = sourcecode.c.h; path = "View+MASAdditions.h"; sourceTree = "<group>"; };
		BCC380DF214253960069E76E /* NSArray+MASAdditions.h */ = {isa = PBXFileReference; fileEncoding = 4; lastKnownFileType = sourcecode.c.h; path = "NSArray+MASAdditions.h"; sourceTree = "<group>"; };
		BCC380E0214253960069E76E /* MASUtilities.h */ = {isa = PBXFileReference; fileEncoding = 4; lastKnownFileType = sourcecode.c.h; path = MASUtilities.h; sourceTree = "<group>"; };
		BCC380E1214253960069E76E /* MASViewAttribute.h */ = {isa = PBXFileReference; fileEncoding = 4; lastKnownFileType = sourcecode.c.h; path = MASViewAttribute.h; sourceTree = "<group>"; };
		BCC380E2214253960069E76E /* ViewController+MASAdditions.m */ = {isa = PBXFileReference; fileEncoding = 4; lastKnownFileType = sourcecode.c.objc; path = "ViewController+MASAdditions.m"; sourceTree = "<group>"; };
		BCC380E3214253960069E76E /* MASViewConstraint.h */ = {isa = PBXFileReference; fileEncoding = 4; lastKnownFileType = sourcecode.c.h; path = MASViewConstraint.h; sourceTree = "<group>"; };
		BCC380E4214253960069E76E /* MASConstraint.h */ = {isa = PBXFileReference; fileEncoding = 4; lastKnownFileType = sourcecode.c.h; path = MASConstraint.h; sourceTree = "<group>"; };
		BCC380E5214253960069E76E /* NSLayoutConstraint+MASDebugAdditions.h */ = {isa = PBXFileReference; fileEncoding = 4; lastKnownFileType = sourcecode.c.h; path = "NSLayoutConstraint+MASDebugAdditions.h"; sourceTree = "<group>"; };
		BCC380E6214253960069E76E /* MASCompositeConstraint.m */ = {isa = PBXFileReference; fileEncoding = 4; lastKnownFileType = sourcecode.c.objc; path = MASCompositeConstraint.m; sourceTree = "<group>"; };
		BCC380E7214253960069E76E /* MASConstraintMaker.m */ = {isa = PBXFileReference; fileEncoding = 4; lastKnownFileType = sourcecode.c.objc; path = MASConstraintMaker.m; sourceTree = "<group>"; };
		BCC380E8214253960069E76E /* MASLayoutConstraint.m */ = {isa = PBXFileReference; fileEncoding = 4; lastKnownFileType = sourcecode.c.objc; path = MASLayoutConstraint.m; sourceTree = "<group>"; };
		BCC380E9214253960069E76E /* NSArray+MASAdditions.m */ = {isa = PBXFileReference; fileEncoding = 4; lastKnownFileType = sourcecode.c.objc; path = "NSArray+MASAdditions.m"; sourceTree = "<group>"; };
		BCC380EA214253960069E76E /* View+MASAdditions.m */ = {isa = PBXFileReference; fileEncoding = 4; lastKnownFileType = sourcecode.c.objc; path = "View+MASAdditions.m"; sourceTree = "<group>"; };
		BCC380EB214253960069E76E /* View+MASShorthandAdditions.h */ = {isa = PBXFileReference; fileEncoding = 4; lastKnownFileType = sourcecode.c.h; path = "View+MASShorthandAdditions.h"; sourceTree = "<group>"; };
		BCC380EC214253960069E76E /* Masonry.h */ = {isa = PBXFileReference; fileEncoding = 4; lastKnownFileType = sourcecode.c.h; path = Masonry.h; sourceTree = "<group>"; };
		BCC380ED214253960069E76E /* MASConstraint.m */ = {isa = PBXFileReference; fileEncoding = 4; lastKnownFileType = sourcecode.c.objc; path = MASConstraint.m; sourceTree = "<group>"; };
		BCC380EE214253960069E76E /* ViewController+MASAdditions.h */ = {isa = PBXFileReference; fileEncoding = 4; lastKnownFileType = sourcecode.c.h; path = "ViewController+MASAdditions.h"; sourceTree = "<group>"; };
		BCC380EF214253960069E76E /* MASViewConstraint.m */ = {isa = PBXFileReference; fileEncoding = 4; lastKnownFileType = sourcecode.c.objc; path = MASViewConstraint.m; sourceTree = "<group>"; };
		BCC380F0214253960069E76E /* MASViewAttribute.m */ = {isa = PBXFileReference; fileEncoding = 4; lastKnownFileType = sourcecode.c.objc; path = MASViewAttribute.m; sourceTree = "<group>"; };
		BCC380FB214256AA0069E76E /* ExtensionButton.h */ = {isa = PBXFileReference; lastKnownFileType = sourcecode.c.h; path = ExtensionButton.h; sourceTree = "<group>"; };
		BCC380FC214256AA0069E76E /* ExtensionButton.m */ = {isa = PBXFileReference; lastKnownFileType = sourcecode.c.objc; path = ExtensionButton.m; sourceTree = "<group>"; };
		BCC380FF2142655E0069E76E /* select_square_bright@2x.png */ = {isa = PBXFileReference; lastKnownFileType = image.png; path = "select_square_bright@2x.png"; sourceTree = "<group>"; };
		BCC381002142655E0069E76E /* select_square_bright@3x.png */ = {isa = PBXFileReference; lastKnownFileType = image.png; path = "select_square_bright@3x.png"; sourceTree = "<group>"; };
		BCC381012142655E0069E76E /* small_remove.png */ = {isa = PBXFileReference; lastKnownFileType = image.png; path = small_remove.png; sourceTree = "<group>"; };
		BCC381022142655E0069E76E /* select_square_grey.png */ = {isa = PBXFileReference; lastKnownFileType = image.png; path = select_square_grey.png; sourceTree = "<group>"; };
		BCC381032142655E0069E76E /* small_remove@3x.png */ = {isa = PBXFileReference; lastKnownFileType = image.png; path = "small_remove@3x.png"; sourceTree = "<group>"; };
		BCC381042142655E0069E76E /* select_square_grey@3x.png */ = {isa = PBXFileReference; lastKnownFileType = image.png; path = "select_square_grey@3x.png"; sourceTree = "<group>"; };
		BCC381052142655E0069E76E /* select_square_grey@2x.png */ = {isa = PBXFileReference; lastKnownFileType = image.png; path = "select_square_grey@2x.png"; sourceTree = "<group>"; };
		BCC381062142655E0069E76E /* select_square_bright.png */ = {isa = PBXFileReference; lastKnownFileType = image.png; path = select_square_bright.png; sourceTree = "<group>"; };
		BCC381072142655E0069E76E /* small_remove@2x.png */ = {isa = PBXFileReference; lastKnownFileType = image.png; path = "small_remove@2x.png"; sourceTree = "<group>"; };
		BCC3811121426D630069E76E /* YYBaseFilter.h */ = {isa = PBXFileReference; lastKnownFileType = sourcecode.c.h; path = YYBaseFilter.h; sourceTree = "<group>"; };
		BCC3811221426D630069E76E /* YYBaseFilter.m */ = {isa = PBXFileReference; lastKnownFileType = sourcecode.c.objc; path = YYBaseFilter.m; sourceTree = "<group>"; };
		BCEC05D9214B89B500E68E00 /* FirstAndSecondTableView.h */ = {isa = PBXFileReference; lastKnownFileType = sourcecode.c.h; path = FirstAndSecondTableView.h; sourceTree = "<group>"; };
		BCEC05DA214B89B500E68E00 /* FirstAndSecondTableView.m */ = {isa = PBXFileReference; lastKnownFileType = sourcecode.c.objc; path = FirstAndSecondTableView.m; sourceTree = "<group>"; };
		BCEC05DC214B89C800E68E00 /* ThirdTableView.h */ = {isa = PBXFileReference; lastKnownFileType = sourcecode.c.h; path = ThirdTableView.h; sourceTree = "<group>"; };
		BCEC05DD214B89C800E68E00 /* ThirdTableView.m */ = {isa = PBXFileReference; lastKnownFileType = sourcecode.c.objc; path = ThirdTableView.m; sourceTree = "<group>"; };
		BCEC05DF214B926B00E68E00 /* FirstAndSecondConditionModel.h */ = {isa = PBXFileReference; lastKnownFileType = sourcecode.c.h; path = FirstAndSecondConditionModel.h; sourceTree = "<group>"; };
		BCEC05E0214B926B00E68E00 /* FirstAndSecondConditionModel.m */ = {isa = PBXFileReference; lastKnownFileType = sourcecode.c.objc; path = FirstAndSecondConditionModel.m; sourceTree = "<group>"; };
		BCEC05E2214B9F8C00E68E00 /* ThirdConditionModel.h */ = {isa = PBXFileReference; lastKnownFileType = sourcecode.c.h; path = ThirdConditionModel.h; sourceTree = "<group>"; };
		BCEC05E3214B9F8C00E68E00 /* ThirdConditionModel.m */ = {isa = PBXFileReference; lastKnownFileType = sourcecode.c.objc; path = ThirdConditionModel.m; sourceTree = "<group>"; };
/* End PBXFileReference section */

/* Begin PBXFrameworksBuildPhase section */
		BCC380A7214252650069E76E /* Frameworks */ = {
			isa = PBXFrameworksBuildPhase;
			buildActionMask = 2147483647;
			files = (
			);
			runOnlyForDeploymentPostprocessing = 0;
		};
/* End PBXFrameworksBuildPhase section */

/* Begin PBXGroup section */
		BCC380A1214252650069E76E = {
			isa = PBXGroup;
			children = (
				BCC380AC214252650069E76E /* YYFilterTool */,
				BCC380AB214252650069E76E /* Products */,
			);
			sourceTree = "<group>";
		};
		BCC380AB214252650069E76E /* Products */ = {
			isa = PBXGroup;
			children = (
				BCC380AA214252650069E76E /* YYFilterTool.app */,
			);
			name = Products;
			sourceTree = "<group>";
		};
		BCC380AC214252650069E76E /* YYFilterTool */ = {
			isa = PBXGroup;
			children = (
				BCC380D7214253960069E76E /* Masonry */,
				BCC380C3214253020069E76E /* YYFilterTool */,
				BCC380AD214252650069E76E /* AppDelegate.h */,
				BCC380AE214252650069E76E /* AppDelegate.m */,
				BC02AB21215F725E00893913 /* FirstViewController.h */,
				BC02AB22215F725E00893913 /* FirstViewController.m */,
				BCC380B0214252650069E76E /* FilterViewController.h */,
				BCC380B1214252650069E76E /* FilterViewController.m */,
				BCC380B3214252650069E76E /* Main.storyboard */,
				BCC380B6214252660069E76E /* Assets.xcassets */,
				BCC380B8214252660069E76E /* LaunchScreen.storyboard */,
				BCC380BB214252660069E76E /* Info.plist */,
				BCC380BC214252660069E76E /* main.m */,
			);
			path = YYFilterTool;
			sourceTree = "<group>";
		};
		BCC380C3214253020069E76E /* YYFilterTool */ = {
			isa = PBXGroup;
			children = (
				BCC380FE2142655E0069E76E /* resource */,
				BCC380CA214253020069E76E /* YYFilterToolMacro.h */,
				BC5F050E2148E5910037735B /* YYFilterTool.h */,
				BC5F050F2148E5920037735B /* YYFilterTool.m */,
				BCC3811121426D630069E76E /* YYBaseFilter.h */,
				BCC3811221426D630069E76E /* YYBaseFilter.m */,
				BCC380CE214253020069E76E /* TopConditionCollectionView.h */,
				BCC380C7214253020069E76E /* TopConditionCollectionView.m */,
				BCEC05D9214B89B500E68E00 /* FirstAndSecondTableView.h */,
				BCEC05DA214B89B500E68E00 /* FirstAndSecondTableView.m */,
				BCEC05DF214B926B00E68E00 /* FirstAndSecondConditionModel.h */,
				BCEC05E0214B926B00E68E00 /* FirstAndSecondConditionModel.m */,
				BCEC05DC214B89C800E68E00 /* ThirdTableView.h */,
				BCEC05DD214B89C800E68E00 /* ThirdTableView.m */,
				BCEC05E2214B9F8C00E68E00 /* ThirdConditionModel.h */,
				BCEC05E3214B9F8C00E68E00 /* ThirdConditionModel.m */,
				BCC380C4214253020069E76E /* TopConditionCell.h */,
				BCC380CC214253020069E76E /* TopConditionCell.m */,
				BCC380CF214253020069E76E /* FilterSelectIndexModel.h */,
				BCC380C9214253020069E76E /* FilterSelectIndexModel.m */,
				BCC380FB214256AA0069E76E /* ExtensionButton.h */,
				BCC380FC214256AA0069E76E /* ExtensionButton.m */,
			);
			path = YYFilterTool;
			sourceTree = "<group>";
		};
		BCC380D7214253960069E76E /* Masonry */ = {
			isa = PBXGroup;
			children = (
				BCC380D8214253960069E76E /* MASCompositeConstraint.h */,
				BCC380D9214253960069E76E /* NSLayoutConstraint+MASDebugAdditions.m */,
				BCC380DA214253960069E76E /* MASConstraint+Private.h */,
				BCC380DB214253960069E76E /* MASLayoutConstraint.h */,
				BCC380DC214253960069E76E /* NSArray+MASShorthandAdditions.h */,
				BCC380DD214253960069E76E /* MASConstraintMaker.h */,
				BCC380DE214253960069E76E /* View+MASAdditions.h */,
				BCC380DF214253960069E76E /* NSArray+MASAdditions.h */,
				BCC380E0214253960069E76E /* MASUtilities.h */,
				BCC380E1214253960069E76E /* MASViewAttribute.h */,
				BCC380E2214253960069E76E /* ViewController+MASAdditions.m */,
				BCC380E3214253960069E76E /* MASViewConstraint.h */,
				BCC380E4214253960069E76E /* MASConstraint.h */,
				BCC380E5214253960069E76E /* NSLayoutConstraint+MASDebugAdditions.h */,
				BCC380E6214253960069E76E /* MASCompositeConstraint.m */,
				BCC380E7214253960069E76E /* MASConstraintMaker.m */,
				BCC380E8214253960069E76E /* MASLayoutConstraint.m */,
				BCC380E9214253960069E76E /* NSArray+MASAdditions.m */,
				BCC380EA214253960069E76E /* View+MASAdditions.m */,
				BCC380EB214253960069E76E /* View+MASShorthandAdditions.h */,
				BCC380EC214253960069E76E /* Masonry.h */,
				BCC380ED214253960069E76E /* MASConstraint.m */,
				BCC380EE214253960069E76E /* ViewController+MASAdditions.h */,
				BCC380EF214253960069E76E /* MASViewConstraint.m */,
				BCC380F0214253960069E76E /* MASViewAttribute.m */,
			);
			path = Masonry;
			sourceTree = "<group>";
		};
		BCC380FE2142655E0069E76E /* resource */ = {
			isa = PBXGroup;
			children = (
				BC02AB26215F7FBE00893913 /* select_square_right.png */,
				BC02AB25215F7FBE00893913 /* select_square_right@2x.png */,
				BC02AB24215F7FBE00893913 /* select_square_right@3x.png */,
				BCC381012142655E0069E76E /* small_remove.png */,
				BCC381072142655E0069E76E /* small_remove@2x.png */,
				BCC381032142655E0069E76E /* small_remove@3x.png */,
				BCC381022142655E0069E76E /* select_square_grey.png */,
				BCC381052142655E0069E76E /* select_square_grey@2x.png */,
				BCC381042142655E0069E76E /* select_square_grey@3x.png */,
				BCC381062142655E0069E76E /* select_square_bright.png */,
				BCC380FF2142655E0069E76E /* select_square_bright@2x.png */,
				BCC381002142655E0069E76E /* select_square_bright@3x.png */,
			);
			path = resource;
			sourceTree = "<group>";
		};
/* End PBXGroup section */

/* Begin PBXNativeTarget section */
		BCC380A9214252650069E76E /* YYFilterTool */ = {
			isa = PBXNativeTarget;
			buildConfigurationList = BCC380C0214252660069E76E /* Build configuration list for PBXNativeTarget "YYFilterTool" */;
			buildPhases = (
				BCC380A6214252650069E76E /* Sources */,
				BCC380A7214252650069E76E /* Frameworks */,
				BCC380A8214252650069E76E /* Resources */,
			);
			buildRules = (
			);
			dependencies = (
			);
			name = YYFilterTool;
			productName = YYFilterTool;
			productReference = BCC380AA214252650069E76E /* YYFilterTool.app */;
			productType = "com.apple.product-type.application";
		};
/* End PBXNativeTarget section */

/* Begin PBXProject section */
		BCC380A2214252650069E76E /* Project object */ = {
			isa = PBXProject;
			attributes = {
				LastUpgradeCheck = 0930;
				ORGANIZATIONNAME = hengtiansoft;
				TargetAttributes = {
					BCC380A9214252650069E76E = {
						CreatedOnToolsVersion = 9.3.1;
					};
				};
			};
			buildConfigurationList = BCC380A5214252650069E76E /* Build configuration list for PBXProject "YYFilterTool" */;
			compatibilityVersion = "Xcode 9.3";
			developmentRegion = en;
			hasScannedForEncodings = 0;
			knownRegions = (
				en,
				Base,
			);
			mainGroup = BCC380A1214252650069E76E;
			productRefGroup = BCC380AB214252650069E76E /* Products */;
			projectDirPath = "";
			projectRoot = "";
			targets = (
				BCC380A9214252650069E76E /* YYFilterTool */,
			);
		};
/* End PBXProject section */

/* Begin PBXResourcesBuildPhase section */
		BCC380A8214252650069E76E /* Resources */ = {
			isa = PBXResourcesBuildPhase;
			buildActionMask = 2147483647;
			files = (
				BCC3810F2142655E0069E76E /* select_square_bright.png in Resources */,
				BCC380BA214252660069E76E /* LaunchScreen.storyboard in Resources */,
				BC02AB29215F7FBF00893913 /* select_square_right.png in Resources */,
				BCC3810B2142655E0069E76E /* select_square_grey.png in Resources */,
				BCC381092142655E0069E76E /* select_square_bright@3x.png in Resources */,
				BCC380B7214252660069E76E /* Assets.xcassets in Resources */,
				BC02AB27215F7FBF00893913 /* select_square_right@3x.png in Resources */,
				BCC3810D2142655E0069E76E /* select_square_grey@3x.png in Resources */,
				BCC381102142655E0069E76E /* small_remove@2x.png in Resources */,
				BCC380B5214252650069E76E /* Main.storyboard in Resources */,
				BCC3810E2142655E0069E76E /* select_square_grey@2x.png in Resources */,
				BCC381082142655E0069E76E /* select_square_bright@2x.png in Resources */,
				BCC3810A2142655E0069E76E /* small_remove.png in Resources */,
				BC02AB28215F7FBF00893913 /* select_square_right@2x.png in Resources */,
				BCC3810C2142655E0069E76E /* small_remove@3x.png in Resources */,
			);
			runOnlyForDeploymentPostprocessing = 0;
		};
/* End PBXResourcesBuildPhase section */

/* Begin PBXSourcesBuildPhase section */
		BCC380A6214252650069E76E /* Sources */ = {
			isa = PBXSourcesBuildPhase;
			buildActionMask = 2147483647;
			files = (
				BCEC05E1214B926B00E68E00 /* FirstAndSecondConditionModel.m in Sources */,
				BCEC05E4214B9F8C00E68E00 /* ThirdConditionModel.m in Sources */,
				BCC380D2214253020069E76E /* TopConditionCollectionView.m in Sources */,
				BCC380F6214253970069E76E /* NSArray+MASAdditions.m in Sources */,
				BCC380B2214252650069E76E /* FilterViewController.m in Sources */,
				BCC380F7214253970069E76E /* View+MASAdditions.m in Sources */,
				BCC380F1214253970069E76E /* NSLayoutConstraint+MASDebugAdditions.m in Sources */,
				BC02AB23215F725E00893913 /* FirstViewController.m in Sources */,
				BCEC05DE214B89C800E68E00 /* ThirdTableView.m in Sources */,
				BCC380F3214253970069E76E /* MASCompositeConstraint.m in Sources */,
				BCC3811321426D630069E76E /* YYBaseFilter.m in Sources */,
				BCC380D4214253020069E76E /* FilterSelectIndexModel.m in Sources */,
				BCC380F2214253970069E76E /* ViewController+MASAdditions.m in Sources */,
				BCC380FA214253970069E76E /* MASViewAttribute.m in Sources */,
				BCC380F9214253970069E76E /* MASViewConstraint.m in Sources */,
				BC5F05102148E5920037735B /* YYFilterTool.m in Sources */,
				BCC380F4214253970069E76E /* MASConstraintMaker.m in Sources */,
				BCC380F5214253970069E76E /* MASLayoutConstraint.m in Sources */,
				BCEC05DB214B89B500E68E00 /* FirstAndSecondTableView.m in Sources */,
				BCC380BD214252660069E76E /* main.m in Sources */,
				BCC380AF214252650069E76E /* AppDelegate.m in Sources */,
				BCC380FD214256AA0069E76E /* ExtensionButton.m in Sources */,
				BCC380F8214253970069E76E /* MASConstraint.m in Sources */,
				BCC380D5214253020069E76E /* TopConditionCell.m in Sources */,
			);
			runOnlyForDeploymentPostprocessing = 0;
		};
/* End PBXSourcesBuildPhase section */

/* Begin PBXVariantGroup section */
		BCC380B3214252650069E76E /* Main.storyboard */ = {
			isa = PBXVariantGroup;
			children = (
				BCC380B4214252650069E76E /* Base */,
			);
			name = Main.storyboard;
			sourceTree = "<group>";
		};
		BCC380B8214252660069E76E /* LaunchScreen.storyboard */ = {
			isa = PBXVariantGroup;
			children = (
				BCC380B9214252660069E76E /* Base */,
			);
			name = LaunchScreen.storyboard;
			sourceTree = "<group>";
		};
/* End PBXVariantGroup section */

/* Begin XCBuildConfiguration section */
		BCC380BE214252660069E76E /* Debug */ = {
			isa = XCBuildConfiguration;
			buildSettings = {
				ALWAYS_SEARCH_USER_PATHS = NO;
				CLANG_ANALYZER_NONNULL = YES;
				CLANG_ANALYZER_NUMBER_OBJECT_CONVERSION = YES_AGGRESSIVE;
				CLANG_CXX_LANGUAGE_STANDARD = "gnu++14";
				CLANG_CXX_LIBRARY = "libc++";
				CLANG_ENABLE_MODULES = YES;
				CLANG_ENABLE_OBJC_ARC = YES;
				CLANG_ENABLE_OBJC_WEAK = YES;
				CLANG_WARN_BLOCK_CAPTURE_AUTORELEASING = YES;
				CLANG_WARN_BOOL_CONVERSION = YES;
				CLANG_WARN_COMMA = YES;
				CLANG_WARN_CONSTANT_CONVERSION = YES;
				CLANG_WARN_DEPRECATED_OBJC_IMPLEMENTATIONS = YES;
				CLANG_WARN_DIRECT_OBJC_ISA_USAGE = YES_ERROR;
				CLANG_WARN_DOCUMENTATION_COMMENTS = YES;
				CLANG_WARN_EMPTY_BODY = YES;
				CLANG_WARN_ENUM_CONVERSION = YES;
				CLANG_WARN_INFINITE_RECURSION = YES;
				CLANG_WARN_INT_CONVERSION = YES;
				CLANG_WARN_NON_LITERAL_NULL_CONVERSION = YES;
				CLANG_WARN_OBJC_IMPLICIT_RETAIN_SELF = YES;
				CLANG_WARN_OBJC_LITERAL_CONVERSION = YES;
				CLANG_WARN_OBJC_ROOT_CLASS = YES_ERROR;
				CLANG_WARN_RANGE_LOOP_ANALYSIS = YES;
				CLANG_WARN_STRICT_PROTOTYPES = YES;
				CLANG_WARN_SUSPICIOUS_MOVE = YES;
				CLANG_WARN_UNGUARDED_AVAILABILITY = YES_AGGRESSIVE;
				CLANG_WARN_UNREACHABLE_CODE = YES;
				CLANG_WARN__DUPLICATE_METHOD_MATCH = YES;
				CODE_SIGN_IDENTITY = "iPhone Developer";
				COPY_PHASE_STRIP = NO;
				DEBUG_INFORMATION_FORMAT = dwarf;
				ENABLE_STRICT_OBJC_MSGSEND = YES;
				ENABLE_TESTABILITY = YES;
				GCC_C_LANGUAGE_STANDARD = gnu11;
				GCC_DYNAMIC_NO_PIC = NO;
				GCC_NO_COMMON_BLOCKS = YES;
				GCC_OPTIMIZATION_LEVEL = 0;
				GCC_PREPROCESSOR_DEFINITIONS = (
					"DEBUG=1",
					"$(inherited)",
				);
				GCC_WARN_64_TO_32_BIT_CONVERSION = YES;
				GCC_WARN_ABOUT_RETURN_TYPE = YES_ERROR;
				GCC_WARN_UNDECLARED_SELECTOR = YES;
				GCC_WARN_UNINITIALIZED_AUTOS = YES_AGGRESSIVE;
				GCC_WARN_UNUSED_FUNCTION = YES;
				GCC_WARN_UNUSED_VARIABLE = YES;
				IPHONEOS_DEPLOYMENT_TARGET = 11.3;
				MTL_ENABLE_DEBUG_INFO = YES;
				ONLY_ACTIVE_ARCH = YES;
				SDKROOT = iphoneos;
			};
			name = Debug;
		};
		BCC380BF214252660069E76E /* Release */ = {
			isa = XCBuildConfiguration;
			buildSettings = {
				ALWAYS_SEARCH_USER_PATHS = NO;
				CLANG_ANALYZER_NONNULL = YES;
				CLANG_ANALYZER_NUMBER_OBJECT_CONVERSION = YES_AGGRESSIVE;
				CLANG_CXX_LANGUAGE_STANDARD = "gnu++14";
				CLANG_CXX_LIBRARY = "libc++";
				CLANG_ENABLE_MODULES = YES;
				CLANG_ENABLE_OBJC_ARC = YES;
				CLANG_ENABLE_OBJC_WEAK = YES;
				CLANG_WARN_BLOCK_CAPTURE_AUTORELEASING = YES;
				CLANG_WARN_BOOL_CONVERSION = YES;
				CLANG_WARN_COMMA = YES;
				CLANG_WARN_CONSTANT_CONVERSION = YES;
				CLANG_WARN_DEPRECATED_OBJC_IMPLEMENTATIONS = YES;
				CLANG_WARN_DIRECT_OBJC_ISA_USAGE = YES_ERROR;
				CLANG_WARN_DOCUMENTATION_COMMENTS = YES;
				CLANG_WARN_EMPTY_BODY = YES;
				CLANG_WARN_ENUM_CONVERSION = YES;
				CLANG_WARN_INFINITE_RECURSION = YES;
				CLANG_WARN_INT_CONVERSION = YES;
				CLANG_WARN_NON_LITERAL_NULL_CONVERSION = YES;
				CLANG_WARN_OBJC_IMPLICIT_RETAIN_SELF = YES;
				CLANG_WARN_OBJC_LITERAL_CONVERSION = YES;
				CLANG_WARN_OBJC_ROOT_CLASS = YES_ERROR;
				CLANG_WARN_RANGE_LOOP_ANALYSIS = YES;
				CLANG_WARN_STRICT_PROTOTYPES = YES;
				CLANG_WARN_SUSPICIOUS_MOVE = YES;
				CLANG_WARN_UNGUARDED_AVAILABILITY = YES_AGGRESSIVE;
				CLANG_WARN_UNREACHABLE_CODE = YES;
				CLANG_WARN__DUPLICATE_METHOD_MATCH = YES;
				CODE_SIGN_IDENTITY = "iPhone Developer";
				COPY_PHASE_STRIP = NO;
				DEBUG_INFORMATION_FORMAT = "dwarf-with-dsym";
				ENABLE_NS_ASSERTIONS = NO;
				ENABLE_STRICT_OBJC_MSGSEND = YES;
				GCC_C_LANGUAGE_STANDARD = gnu11;
				GCC_NO_COMMON_BLOCKS = YES;
				GCC_WARN_64_TO_32_BIT_CONVERSION = YES;
				GCC_WARN_ABOUT_RETURN_TYPE = YES_ERROR;
				GCC_WARN_UNDECLARED_SELECTOR = YES;
				GCC_WARN_UNINITIALIZED_AUTOS = YES_AGGRESSIVE;
				GCC_WARN_UNUSED_FUNCTION = YES;
				GCC_WARN_UNUSED_VARIABLE = YES;
				IPHONEOS_DEPLOYMENT_TARGET = 11.3;
				MTL_ENABLE_DEBUG_INFO = NO;
				SDKROOT = iphoneos;
				VALIDATE_PRODUCT = YES;
			};
			name = Release;
		};
		BCC380C1214252660069E76E /* Debug */ = {
			isa = XCBuildConfiguration;
			buildSettings = {
				ASSETCATALOG_COMPILER_APPICON_NAME = AppIcon;
				CODE_SIGN_STYLE = Automatic;
				DEVELOPMENT_TEAM = G9MDK4Z6BF;
				INFOPLIST_FILE = YYFilterTool/Info.plist;
				IPHONEOS_DEPLOYMENT_TARGET = 11.0;
				LD_RUNPATH_SEARCH_PATHS = (
					"$(inherited)",
					"@executable_path/Frameworks",
				);
				PRODUCT_BUNDLE_IDENTIFIER = com.hengtiansoft.YYFilterTool;
				PRODUCT_NAME = "$(TARGET_NAME)";
				TARGETED_DEVICE_FAMILY = "1,2";
			};
			name = Debug;
		};
		BCC380C2214252660069E76E /* Release */ = {
			isa = XCBuildConfiguration;
			buildSettings = {
				ASSETCATALOG_COMPILER_APPICON_NAME = AppIcon;
				CODE_SIGN_STYLE = Automatic;
				DEVELOPMENT_TEAM = G9MDK4Z6BF;
				INFOPLIST_FILE = YYFilterTool/Info.plist;
				IPHONEOS_DEPLOYMENT_TARGET = 11.0;
				LD_RUNPATH_SEARCH_PATHS = (
					"$(inherited)",
					"@executable_path/Frameworks",
				);
				PRODUCT_BUNDLE_IDENTIFIER = com.hengtiansoft.YYFilterTool;
				PRODUCT_NAME = "$(TARGET_NAME)";
				TARGETED_DEVICE_FAMILY = "1,2";
			};
			name = Release;
		};
/* End XCBuildConfiguration section */

/* Begin XCConfigurationList section */
		BCC380A5214252650069E76E /* Build configuration list for PBXProject "YYFilterTool" */ = {
			isa = XCConfigurationList;
			buildConfigurations = (
				BCC380BE214252660069E76E /* Debug */,
				BCC380BF214252660069E76E /* Release */,
			);
			defaultConfigurationIsVisible = 0;
			defaultConfigurationName = Release;
		};
		BCC380C0214252660069E76E /* Build configuration list for PBXNativeTarget "YYFilterTool" */ = {
			isa = XCConfigurationList;
			buildConfigurations = (
				BCC380C1214252660069E76E /* Debug */,
				BCC380C2214252660069E76E /* Release */,
			);
			defaultConfigurationIsVisible = 0;
			defaultConfigurationName = Release;
		};
/* End XCConfigurationList section */
	};
	rootObject = BCC380A2214252650069E76E /* Project object */;
}
